// !$*UTF8*$!
{
	archiveVersion = 1;
	classes = {
	};
	objectVersion = 50;
	objects = {

/* Begin PBXBuildFile section */
		7F16826B2602964800F61F18 /* TagLabel.swift in Sources */ = {isa = PBXBuildFile; fileRef = 7F16826A2602964800F61F18 /* TagLabel.swift */; };
		7F1682732602AA9C00F61F18 /* SideBarView.swift in Sources */ = {isa = PBXBuildFile; fileRef = 7F1682712602AA9C00F61F18 /* SideBarView.swift */; };
		7F1682772602AAAE00F61F18 /* TabBarView.swift in Sources */ = {isa = PBXBuildFile; fileRef = 7F1682762602AAAE00F61F18 /* TabBarView.swift */; };
		7F1682782602AAAE00F61F18 /* TabBarView.swift in Sources */ = {isa = PBXBuildFile; fileRef = 7F1682762602AAAE00F61F18 /* TabBarView.swift */; };
		7F16827F2602AE1000F61F18 /* ContactsList.swift in Sources */ = {isa = PBXBuildFile; fileRef = 7F243CCD26028B05007DF29A /* ContactsList.swift */; };
		7F1682822602AE1800F61F18 /* ContactsRow.swift in Sources */ = {isa = PBXBuildFile; fileRef = 7F243CD126028B15007DF29A /* ContactsRow.swift */; };
		7F1682852602AE1A00F61F18 /* ContactsDetail.swift in Sources */ = {isa = PBXBuildFile; fileRef = 7F243CD526028B23007DF29A /* ContactsDetail.swift */; };
		7F1682882602AE6E00F61F18 /* DataStoreModel.swift in Sources */ = {isa = PBXBuildFile; fileRef = 7F24633B26017AF2002385D7 /* DataStoreModel.swift */; };
		7F16828B2602AE7100F61F18 /* ContactsModel.swift in Sources */ = {isa = PBXBuildFile; fileRef = 7F24631F26017361002385D7 /* ContactsModel.swift */; };
		7F16828E2602AE7400F61F18 /* TagsModel.swift in Sources */ = {isa = PBXBuildFile; fileRef = 7F2463252601736D002385D7 /* TagsModel.swift */; };
		7F1682912602AE7D00F61F18 /* AppColorsModel.swift in Sources */ = {isa = PBXBuildFile; fileRef = 7F24632A2601753D002385D7 /* AppColorsModel.swift */; };
		7F1682942602AE8900F61F18 /* TagLabel.swift in Sources */ = {isa = PBXBuildFile; fileRef = 7F16826A2602964800F61F18 /* TagLabel.swift */; };
		7F1682972602AE9200F61F18 /* DataStore.swift in Sources */ = {isa = PBXBuildFile; fileRef = 7F246337260179C1002385D7 /* DataStore.swift */; };
		7F16829A2602AEA500F61F18 /* DateFormatterExtension.swift in Sources */ = {isa = PBXBuildFile; fileRef = 7F24633126017554002385D7 /* DateFormatterExtension.swift */; };
		7F16829D2602AEAE00F61F18 /* BindingExtension.swift in Sources */ = {isa = PBXBuildFile; fileRef = 7F24633026017554002385D7 /* BindingExtension.swift */; };
		7F1682A02602AEB100F61F18 /* ColorExtension.swift in Sources */ = {isa = PBXBuildFile; fileRef = 7F24632F26017554002385D7 /* ColorExtension.swift */; };
		7F1682A92602B35600F61F18 /* SideBarView.swift in Sources */ = {isa = PBXBuildFile; fileRef = 7F1682712602AA9C00F61F18 /* SideBarView.swift */; };
		7F1682AD2602B9B400F61F18 /* ContactsFormNew.swift in Sources */ = {isa = PBXBuildFile; fileRef = 7F1682AC2602B9B400F61F18 /* ContactsFormNew.swift */; };
		7F1682AE2602B9B400F61F18 /* ContactsFormNew.swift in Sources */ = {isa = PBXBuildFile; fileRef = 7F1682AC2602B9B400F61F18 /* ContactsFormNew.swift */; };
		7F1682B42602BB6900F61F18 /* EmojiButton.swift in Sources */ = {isa = PBXBuildFile; fileRef = 7F1682B22602BB6900F61F18 /* EmojiButton.swift */; };
		7F1682B52602BB6900F61F18 /* EmojiButton.swift in Sources */ = {isa = PBXBuildFile; fileRef = 7F1682B22602BB6900F61F18 /* EmojiButton.swift */; };
		7F1682B62602BB6900F61F18 /* EmojiPicker.swift in Sources */ = {isa = PBXBuildFile; fileRef = 7F1682B32602BB6900F61F18 /* EmojiPicker.swift */; };
		7F1682B72602BB6900F61F18 /* EmojiPicker.swift in Sources */ = {isa = PBXBuildFile; fileRef = 7F1682B32602BB6900F61F18 /* EmojiPicker.swift */; };
		7F1682BC2602BB7C00F61F18 /* Emojis.swift in Sources */ = {isa = PBXBuildFile; fileRef = 7F1682BB2602BB7C00F61F18 /* Emojis.swift */; };
		7F1682BD2602BB7C00F61F18 /* Emojis.swift in Sources */ = {isa = PBXBuildFile; fileRef = 7F1682BB2602BB7C00F61F18 /* Emojis.swift */; };
		7F243CCE26028B05007DF29A /* ContactsList.swift in Sources */ = {isa = PBXBuildFile; fileRef = 7F243CCD26028B05007DF29A /* ContactsList.swift */; };
		7F243CD226028B15007DF29A /* ContactsRow.swift in Sources */ = {isa = PBXBuildFile; fileRef = 7F243CD126028B15007DF29A /* ContactsRow.swift */; };
		7F243CD626028B23007DF29A /* ContactsDetail.swift in Sources */ = {isa = PBXBuildFile; fileRef = 7F243CD526028B23007DF29A /* ContactsDetail.swift */; };
		7F24632026017361002385D7 /* ContactsModel.swift in Sources */ = {isa = PBXBuildFile; fileRef = 7F24631F26017361002385D7 /* ContactsModel.swift */; };
		7F2463262601736D002385D7 /* TagsModel.swift in Sources */ = {isa = PBXBuildFile; fileRef = 7F2463252601736D002385D7 /* TagsModel.swift */; };
		7F24632B2601753E002385D7 /* AppColorsModel.swift in Sources */ = {isa = PBXBuildFile; fileRef = 7F24632A2601753D002385D7 /* AppColorsModel.swift */; };
		7F24633226017554002385D7 /* ColorExtension.swift in Sources */ = {isa = PBXBuildFile; fileRef = 7F24632F26017554002385D7 /* ColorExtension.swift */; };
		7F24633326017554002385D7 /* BindingExtension.swift in Sources */ = {isa = PBXBuildFile; fileRef = 7F24633026017554002385D7 /* BindingExtension.swift */; };
		7F24633426017554002385D7 /* DateFormatterExtension.swift in Sources */ = {isa = PBXBuildFile; fileRef = 7F24633126017554002385D7 /* DateFormatterExtension.swift */; };
		7F246338260179C1002385D7 /* DataStore.swift in Sources */ = {isa = PBXBuildFile; fileRef = 7F246337260179C1002385D7 /* DataStore.swift */; };
		7F24633C26017AF2002385D7 /* DataStoreModel.swift in Sources */ = {isa = PBXBuildFile; fileRef = 7F24633B26017AF2002385D7 /* DataStoreModel.swift */; };
		7F41744226007F9400AD22BD /* ContactsDemoApp.swift in Sources */ = {isa = PBXBuildFile; fileRef = 7F41742F26007F8E00AD22BD /* ContactsDemoApp.swift */; };
		7F41744326007F9400AD22BD /* ContactsDemoApp.swift in Sources */ = {isa = PBXBuildFile; fileRef = 7F41742F26007F8E00AD22BD /* ContactsDemoApp.swift */; };
		7F41744426007F9400AD22BD /* ContentView.swift in Sources */ = {isa = PBXBuildFile; fileRef = 7F41743026007F8E00AD22BD /* ContentView.swift */; };
		7F41744526007F9400AD22BD /* ContentView.swift in Sources */ = {isa = PBXBuildFile; fileRef = 7F41743026007F8E00AD22BD /* ContentView.swift */; };
		7F41744626007F9400AD22BD /* Assets.xcassets in Resources */ = {isa = PBXBuildFile; fileRef = 7F41743126007F9400AD22BD /* Assets.xcassets */; };
		7F41744726007F9400AD22BD /* Assets.xcassets in Resources */ = {isa = PBXBuildFile; fileRef = 7F41743126007F9400AD22BD /* Assets.xcassets */; };
		7F71E2832602F179000CDC78 /* TagPicker.swift in Sources */ = {isa = PBXBuildFile; fileRef = 7F71E2822602F178000CDC78 /* TagPicker.swift */; };
		7F71E2842602F179000CDC78 /* TagPicker.swift in Sources */ = {isa = PBXBuildFile; fileRef = 7F71E2822602F178000CDC78 /* TagPicker.swift */; };
		7F71E2882602F3C7000CDC78 /* TagNewForm.swift in Sources */ = {isa = PBXBuildFile; fileRef = 7F71E2872602F3C7000CDC78 /* TagNewForm.swift */; };
		7F71E2892602F3C7000CDC78 /* TagNewForm.swift in Sources */ = {isa = PBXBuildFile; fileRef = 7F71E2872602F3C7000CDC78 /* TagNewForm.swift */; };
/* End PBXBuildFile section */

/* Begin PBXFileReference section */
		7F16826A2602964800F61F18 /* TagLabel.swift */ = {isa = PBXFileReference; lastKnownFileType = sourcecode.swift; path = TagLabel.swift; sourceTree = "<group>"; };
		7F1682712602AA9C00F61F18 /* SideBarView.swift */ = {isa = PBXFileReference; lastKnownFileType = sourcecode.swift; path = SideBarView.swift; sourceTree = "<group>"; };
		7F1682762602AAAE00F61F18 /* TabBarView.swift */ = {isa = PBXFileReference; lastKnownFileType = sourcecode.swift; path = TabBarView.swift; sourceTree = "<group>"; };
		7F1682AC2602B9B400F61F18 /* ContactsFormNew.swift */ = {isa = PBXFileReference; lastKnownFileType = sourcecode.swift; path = ContactsFormNew.swift; sourceTree = "<group>"; };
		7F1682B22602BB6900F61F18 /* EmojiButton.swift */ = {isa = PBXFileReference; fileEncoding = 4; lastKnownFileType = sourcecode.swift; path = EmojiButton.swift; sourceTree = "<group>"; };
		7F1682B32602BB6900F61F18 /* EmojiPicker.swift */ = {isa = PBXFileReference; fileEncoding = 4; lastKnownFileType = sourcecode.swift; path = EmojiPicker.swift; sourceTree = "<group>"; };
		7F1682BB2602BB7C00F61F18 /* Emojis.swift */ = {isa = PBXFileReference; fileEncoding = 4; lastKnownFileType = sourcecode.swift; path = Emojis.swift; sourceTree = "<group>"; };
		7F243CCD26028B05007DF29A /* ContactsList.swift */ = {isa = PBXFileReference; lastKnownFileType = sourcecode.swift; path = ContactsList.swift; sourceTree = "<group>"; };
		7F243CD126028B15007DF29A /* ContactsRow.swift */ = {isa = PBXFileReference; lastKnownFileType = sourcecode.swift; path = ContactsRow.swift; sourceTree = "<group>"; };
		7F243CD526028B23007DF29A /* ContactsDetail.swift */ = {isa = PBXFileReference; lastKnownFileType = sourcecode.swift; path = ContactsDetail.swift; sourceTree = "<group>"; };
		7F24631F26017361002385D7 /* ContactsModel.swift */ = {isa = PBXFileReference; lastKnownFileType = sourcecode.swift; path = ContactsModel.swift; sourceTree = "<group>"; };
		7F2463252601736D002385D7 /* TagsModel.swift */ = {isa = PBXFileReference; lastKnownFileType = sourcecode.swift; path = TagsModel.swift; sourceTree = "<group>"; };
		7F24632A2601753D002385D7 /* AppColorsModel.swift */ = {isa = PBXFileReference; fileEncoding = 4; lastKnownFileType = sourcecode.swift; path = AppColorsModel.swift; sourceTree = "<group>"; };
		7F24632F26017554002385D7 /* ColorExtension.swift */ = {isa = PBXFileReference; fileEncoding = 4; lastKnownFileType = sourcecode.swift; path = ColorExtension.swift; sourceTree = "<group>"; };
		7F24633026017554002385D7 /* BindingExtension.swift */ = {isa = PBXFileReference; fileEncoding = 4; lastKnownFileType = sourcecode.swift; path = BindingExtension.swift; sourceTree = "<group>"; };
		7F24633126017554002385D7 /* DateFormatterExtension.swift */ = {isa = PBXFileReference; fileEncoding = 4; lastKnownFileType = sourcecode.swift; path = DateFormatterExtension.swift; sourceTree = "<group>"; };
		7F246337260179C1002385D7 /* DataStore.swift */ = {isa = PBXFileReference; lastKnownFileType = sourcecode.swift; path = DataStore.swift; sourceTree = "<group>"; };
		7F24633B26017AF2002385D7 /* DataStoreModel.swift */ = {isa = PBXFileReference; lastKnownFileType = sourcecode.swift; path = DataStoreModel.swift; sourceTree = "<group>"; };
		7F41742F26007F8E00AD22BD /* ContactsDemoApp.swift */ = {isa = PBXFileReference; lastKnownFileType = sourcecode.swift; path = ContactsDemoApp.swift; sourceTree = "<group>"; };
		7F41743026007F8E00AD22BD /* ContentView.swift */ = {isa = PBXFileReference; lastKnownFileType = sourcecode.swift; path = ContentView.swift; sourceTree = "<group>"; };
		7F41743126007F9400AD22BD /* Assets.xcassets */ = {isa = PBXFileReference; lastKnownFileType = folder.assetcatalog; path = Assets.xcassets; sourceTree = "<group>"; };
		7F41743626007F9400AD22BD /* ContactsDemo.app */ = {isa = PBXFileReference; explicitFileType = wrapper.application; includeInIndex = 0; path = ContactsDemo.app; sourceTree = BUILT_PRODUCTS_DIR; };
		7F41743926007F9400AD22BD /* Info.plist */ = {isa = PBXFileReference; lastKnownFileType = text.plist.xml; path = Info.plist; sourceTree = "<group>"; };
		7F41743E26007F9400AD22BD /* ContactsDemo.app */ = {isa = PBXFileReference; explicitFileType = wrapper.application; includeInIndex = 0; path = ContactsDemo.app; sourceTree = BUILT_PRODUCTS_DIR; };
		7F41744026007F9400AD22BD /* Info.plist */ = {isa = PBXFileReference; lastKnownFileType = text.plist.xml; path = Info.plist; sourceTree = "<group>"; };
		7F41744126007F9400AD22BD /* macOS.entitlements */ = {isa = PBXFileReference; lastKnownFileType = text.plist.entitlements; path = macOS.entitlements; sourceTree = "<group>"; };
		7F71E2822602F178000CDC78 /* TagPicker.swift */ = {isa = PBXFileReference; lastKnownFileType = sourcecode.swift; path = TagPicker.swift; sourceTree = "<group>"; };
		7F71E2872602F3C7000CDC78 /* TagNewForm.swift */ = {isa = PBXFileReference; lastKnownFileType = sourcecode.swift; path = TagNewForm.swift; sourceTree = "<group>"; };
/* End PBXFileReference section */

/* Begin PBXFrameworksBuildPhase section */
		7F41743326007F9400AD22BD /* Frameworks */ = {
			isa = PBXFrameworksBuildPhase;
			buildActionMask = 2147483647;
			files = (
			);
			runOnlyForDeploymentPostprocessing = 0;
		};
		7F41743B26007F9400AD22BD /* Frameworks */ = {
			isa = PBXFrameworksBuildPhase;
			buildActionMask = 2147483647;
			files = (
			);
			runOnlyForDeploymentPostprocessing = 0;
		};
/* End PBXFrameworksBuildPhase section */

/* Begin PBXGroup section */
		7F16826E2602A66500F61F18 /* Navigations */ = {
			isa = PBXGroup;
			children = (
				7F1682712602AA9C00F61F18 /* SideBarView.swift */,
				7F1682762602AAAE00F61F18 /* TabBarView.swift */,
			);
			path = Navigations;
			sourceTree = "<group>";
		};
		7F1682B12602BB6900F61F18 /* EmojiPicker */ = {
			isa = PBXGroup;
			children = (
				7F1682B22602BB6900F61F18 /* EmojiButton.swift */,
				7F1682B32602BB6900F61F18 /* EmojiPicker.swift */,
			);
			path = EmojiPicker;
			sourceTree = "<group>";
		};
		7F1682BA2602BB7C00F61F18 /* Emojis */ = {
			isa = PBXGroup;
			children = (
				7F1682BB2602BB7C00F61F18 /* Emojis.swift */,
			);
			path = Emojis;
			sourceTree = "<group>";
		};
		7F243CD926028CE2007DF29A /* Contacts */ = {
			isa = PBXGroup;
			children = (
				7F243CCD26028B05007DF29A /* ContactsList.swift */,
				7F243CD126028B15007DF29A /* ContactsRow.swift */,
				7F243CD526028B23007DF29A /* ContactsDetail.swift */,
				7F1682AC2602B9B400F61F18 /* ContactsFormNew.swift */,
			);
			path = Contacts;
			sourceTree = "<group>";
		};
		7F243CDA26028CED007DF29A /* Tags */ = {
			isa = PBXGroup;
			children = (
				7F16826A2602964800F61F18 /* TagLabel.swift */,
				7F71E2822602F178000CDC78 /* TagPicker.swift */,
				7F71E2872602F3C7000CDC78 /* TagNewForm.swift */,
			);
			path = Tags;
			sourceTree = "<group>";
		};
		7F24631B26017319002385D7 /* Application */ = {
			isa = PBXGroup;
			children = (
				7F24632E26017554002385D7 /* Extensions */,
				7F41742F26007F8E00AD22BD /* ContactsDemoApp.swift */,
				7F41743026007F8E00AD22BD /* ContentView.swift */,
			);
			path = Application;
			sourceTree = "<group>";
		};
		7F24631C26017320002385D7 /* ModelView */ = {
			isa = PBXGroup;
			children = (
				7F246337260179C1002385D7 /* DataStore.swift */,
			);
			path = ModelView;
			sourceTree = "<group>";
		};
		7F24631D2601732D002385D7 /* Views */ = {
			isa = PBXGroup;
			children = (
				7F1682B12602BB6900F61F18 /* EmojiPicker */,
				7F16826E2602A66500F61F18 /* Navigations */,
				7F243CDA26028CED007DF29A /* Tags */,
				7F243CD926028CE2007DF29A /* Contacts */,
			);
			path = Views;
			sourceTree = "<group>";
		};
		7F24631E26017332002385D7 /* Models */ = {
			isa = PBXGroup;
			children = (
				7F1682BA2602BB7C00F61F18 /* Emojis */,
				7F2463292601753D002385D7 /* Colors */,
				7F24633B26017AF2002385D7 /* DataStoreModel.swift */,
				7F24631F26017361002385D7 /* ContactsModel.swift */,
				7F2463252601736D002385D7 /* TagsModel.swift */,
			);
			path = Models;
			sourceTree = "<group>";
		};
		7F2463292601753D002385D7 /* Colors */ = {
			isa = PBXGroup;
			children = (
				7F24632A2601753D002385D7 /* AppColorsModel.swift */,
			);
			path = Colors;
			sourceTree = "<group>";
		};
		7F24632E26017554002385D7 /* Extensions */ = {
			isa = PBXGroup;
			children = (
				7F24632F26017554002385D7 /* ColorExtension.swift */,
				7F24633026017554002385D7 /* BindingExtension.swift */,
				7F24633126017554002385D7 /* DateFormatterExtension.swift */,
			);
			path = Extensions;
			sourceTree = "<group>";
		};
		7F41742926007F8D00AD22BD = {
			isa = PBXGroup;
			children = (
				7F41742E26007F8E00AD22BD /* Shared */,
				7F41743826007F9400AD22BD /* iOS */,
				7F41743F26007F9400AD22BD /* macOS */,
				7F41743726007F9400AD22BD /* Products */,
			);
			sourceTree = "<group>";
		};
		7F41742E26007F8E00AD22BD /* Shared */ = {
			isa = PBXGroup;
			children = (
				7F24631B26017319002385D7 /* Application */,
				7F24631C26017320002385D7 /* ModelView */,
				7F24631D2601732D002385D7 /* Views */,
				7F24631E26017332002385D7 /* Models */,
				7F41743126007F9400AD22BD /* Assets.xcassets */,
			);
			path = Shared;
			sourceTree = "<group>";
		};
		7F41743726007F9400AD22BD /* Products */ = {
			isa = PBXGroup;
			children = (
				7F41743626007F9400AD22BD /* ContactsDemo.app */,
				7F41743E26007F9400AD22BD /* ContactsDemo.app */,
			);
			name = Products;
			sourceTree = "<group>";
		};
		7F41743826007F9400AD22BD /* iOS */ = {
			isa = PBXGroup;
			children = (
				7F41743926007F9400AD22BD /* Info.plist */,
			);
			path = iOS;
			sourceTree = "<group>";
		};
		7F41743F26007F9400AD22BD /* macOS */ = {
			isa = PBXGroup;
			children = (
				7F41744026007F9400AD22BD /* Info.plist */,
				7F41744126007F9400AD22BD /* macOS.entitlements */,
			);
			path = macOS;
			sourceTree = "<group>";
		};
/* End PBXGroup section */

/* Begin PBXNativeTarget section */
		7F41743526007F9400AD22BD /* ContactsDemo (iOS) */ = {
			isa = PBXNativeTarget;
			buildConfigurationList = 7F41744A26007F9400AD22BD /* Build configuration list for PBXNativeTarget "ContactsDemo (iOS)" */;
			buildPhases = (
				7F41743226007F9400AD22BD /* Sources */,
				7F41743326007F9400AD22BD /* Frameworks */,
				7F41743426007F9400AD22BD /* Resources */,
			);
			buildRules = (
			);
			dependencies = (
			);
			name = "ContactsDemo (iOS)";
			productName = "ContactsDemo (iOS)";
			productReference = 7F41743626007F9400AD22BD /* ContactsDemo.app */;
			productType = "com.apple.product-type.application";
		};
		7F41743D26007F9400AD22BD /* ContactsDemo (macOS) */ = {
			isa = PBXNativeTarget;
			buildConfigurationList = 7F41744D26007F9400AD22BD /* Build configuration list for PBXNativeTarget "ContactsDemo (macOS)" */;
			buildPhases = (
				7F41743A26007F9400AD22BD /* Sources */,
				7F41743B26007F9400AD22BD /* Frameworks */,
				7F41743C26007F9400AD22BD /* Resources */,
			);
			buildRules = (
			);
			dependencies = (
			);
			name = "ContactsDemo (macOS)";
			productName = "ContactsDemo (macOS)";
			productReference = 7F41743E26007F9400AD22BD /* ContactsDemo.app */;
			productType = "com.apple.product-type.application";
		};
/* End PBXNativeTarget section */

/* Begin PBXProject section */
		7F41742A26007F8D00AD22BD /* Project object */ = {
			isa = PBXProject;
			attributes = {
				LastSwiftUpdateCheck = 1240;
				LastUpgradeCheck = 1240;
				TargetAttributes = {
					7F41743526007F9400AD22BD = {
						CreatedOnToolsVersion = 12.4;
					};
					7F41743D26007F9400AD22BD = {
						CreatedOnToolsVersion = 12.4;
					};
				};
			};
			buildConfigurationList = 7F41742D26007F8D00AD22BD /* Build configuration list for PBXProject "ContactsDemo" */;
			compatibilityVersion = "Xcode 9.3";
			developmentRegion = en;
			hasScannedForEncodings = 0;
			knownRegions = (
				en,
				Base,
			);
			mainGroup = 7F41742926007F8D00AD22BD;
			productRefGroup = 7F41743726007F9400AD22BD /* Products */;
			projectDirPath = "";
			projectRoot = "";
			targets = (
				7F41743526007F9400AD22BD /* ContactsDemo (iOS) */,
				7F41743D26007F9400AD22BD /* ContactsDemo (macOS) */,
			);
		};
/* End PBXProject section */

/* Begin PBXResourcesBuildPhase section */
		7F41743426007F9400AD22BD /* Resources */ = {
			isa = PBXResourcesBuildPhase;
			buildActionMask = 2147483647;
			files = (
				7F41744626007F9400AD22BD /* Assets.xcassets in Resources */,
			);
			runOnlyForDeploymentPostprocessing = 0;
		};
		7F41743C26007F9400AD22BD /* Resources */ = {
			isa = PBXResourcesBuildPhase;
			buildActionMask = 2147483647;
			files = (
				7F41744726007F9400AD22BD /* Assets.xcassets in Resources */,
			);
			runOnlyForDeploymentPostprocessing = 0;
		};
/* End PBXResourcesBuildPhase section */

/* Begin PBXSourcesBuildPhase section */
		7F41743226007F9400AD22BD /* Sources */ = {
			isa = PBXSourcesBuildPhase;
			buildActionMask = 2147483647;
			files = (
				7F41744426007F9400AD22BD /* ContentView.swift in Sources */,
				7F1682A92602B35600F61F18 /* SideBarView.swift in Sources */,
				7F1682BC2602BB7C00F61F18 /* Emojis.swift in Sources */,
				7F1682AD2602B9B400F61F18 /* ContactsFormNew.swift in Sources */,
				7F24632026017361002385D7 /* ContactsModel.swift in Sources */,
				7F1682772602AAAE00F61F18 /* TabBarView.swift in Sources */,
				7F2463262601736D002385D7 /* TagsModel.swift in Sources */,
				7F243CD226028B15007DF29A /* ContactsRow.swift in Sources */,
				7F243CD626028B23007DF29A /* ContactsDetail.swift in Sources */,
				7F24633C26017AF2002385D7 /* DataStoreModel.swift in Sources */,
				7F24633226017554002385D7 /* ColorExtension.swift in Sources */,
				7F71E2832602F179000CDC78 /* TagPicker.swift in Sources */,
				7F24632B2601753E002385D7 /* AppColorsModel.swift in Sources */,
				7F24633326017554002385D7 /* BindingExtension.swift in Sources */,
				7F24633426017554002385D7 /* DateFormatterExtension.swift in Sources */,
				7F1682B62602BB6900F61F18 /* EmojiPicker.swift in Sources */,
				7F246338260179C1002385D7 /* DataStore.swift in Sources */,
				7F1682B42602BB6900F61F18 /* EmojiButton.swift in Sources */,
				7F16826B2602964800F61F18 /* TagLabel.swift in Sources */,
				7F71E2882602F3C7000CDC78 /* TagNewForm.swift in Sources */,
				7F41744226007F9400AD22BD /* ContactsDemoApp.swift in Sources */,
				7F243CCE26028B05007DF29A /* ContactsList.swift in Sources */,
			);
			runOnlyForDeploymentPostprocessing = 0;
		};
		7F41743A26007F9400AD22BD /* Sources */ = {
			isa = PBXSourcesBuildPhase;
			buildActionMask = 2147483647;
			files = (
				7F16829D2602AEAE00F61F18 /* BindingExtension.swift in Sources */,
				7F1682972602AE9200F61F18 /* DataStore.swift in Sources */,
				7F1682BD2602BB7C00F61F18 /* Emojis.swift in Sources */,
				7F1682AE2602B9B400F61F18 /* ContactsFormNew.swift in Sources */,
				7F16827F2602AE1000F61F18 /* ContactsList.swift in Sources */,
				7F16829A2602AEA500F61F18 /* DateFormatterExtension.swift in Sources */,
				7F16828B2602AE7100F61F18 /* ContactsModel.swift in Sources */,
				7F1682732602AA9C00F61F18 /* SideBarView.swift in Sources */,
				7F41744526007F9400AD22BD /* ContentView.swift in Sources */,
				7F1682822602AE1800F61F18 /* ContactsRow.swift in Sources */,
				7F1682912602AE7D00F61F18 /* AppColorsModel.swift in Sources */,
				7F71E2842602F179000CDC78 /* TagPicker.swift in Sources */,
				7F1682782602AAAE00F61F18 /* TabBarView.swift in Sources */,
				7F41744326007F9400AD22BD /* ContactsDemoApp.swift in Sources */,
				7F1682A02602AEB100F61F18 /* ColorExtension.swift in Sources */,
				7F1682B72602BB6900F61F18 /* EmojiPicker.swift in Sources */,
				7F1682852602AE1A00F61F18 /* ContactsDetail.swift in Sources */,
				7F1682B52602BB6900F61F18 /* EmojiButton.swift in Sources */,
				7F1682942602AE8900F61F18 /* TagLabel.swift in Sources */,
				7F71E2892602F3C7000CDC78 /* TagNewForm.swift in Sources */,
				7F16828E2602AE7400F61F18 /* TagsModel.swift in Sources */,
				7F1682882602AE6E00F61F18 /* DataStoreModel.swift in Sources */,
			);
			runOnlyForDeploymentPostprocessing = 0;
		};
/* End PBXSourcesBuildPhase section */

/* Begin XCBuildConfiguration section */
		7F41744826007F9400AD22BD /* Debug */ = {
			isa = XCBuildConfiguration;
			buildSettings = {
				ALWAYS_SEARCH_USER_PATHS = NO;
				CLANG_ANALYZER_NONNULL = YES;
				CLANG_ANALYZER_NUMBER_OBJECT_CONVERSION = YES_AGGRESSIVE;
				CLANG_CXX_LANGUAGE_STANDARD = "gnu++14";
				CLANG_CXX_LIBRARY = "libc++";
				CLANG_ENABLE_MODULES = YES;
				CLANG_ENABLE_OBJC_ARC = YES;
				CLANG_ENABLE_OBJC_WEAK = YES;
				CLANG_WARN_BLOCK_CAPTURE_AUTORELEASING = YES;
				CLANG_WARN_BOOL_CONVERSION = YES;
				CLANG_WARN_COMMA = YES;
				CLANG_WARN_CONSTANT_CONVERSION = YES;
				CLANG_WARN_DEPRECATED_OBJC_IMPLEMENTATIONS = YES;
				CLANG_WARN_DIRECT_OBJC_ISA_USAGE = YES_ERROR;
				CLANG_WARN_DOCUMENTATION_COMMENTS = YES;
				CLANG_WARN_EMPTY_BODY = YES;
				CLANG_WARN_ENUM_CONVERSION = YES;
				CLANG_WARN_INFINITE_RECURSION = YES;
				CLANG_WARN_INT_CONVERSION = YES;
				CLANG_WARN_NON_LITERAL_NULL_CONVERSION = YES;
				CLANG_WARN_OBJC_IMPLICIT_RETAIN_SELF = YES;
				CLANG_WARN_OBJC_LITERAL_CONVERSION = YES;
				CLANG_WARN_OBJC_ROOT_CLASS = YES_ERROR;
				CLANG_WARN_QUOTED_INCLUDE_IN_FRAMEWORK_HEADER = YES;
				CLANG_WARN_RANGE_LOOP_ANALYSIS = YES;
				CLANG_WARN_STRICT_PROTOTYPES = YES;
				CLANG_WARN_SUSPICIOUS_MOVE = YES;
				CLANG_WARN_UNGUARDED_AVAILABILITY = YES_AGGRESSIVE;
				CLANG_WARN_UNREACHABLE_CODE = YES;
				CLANG_WARN__DUPLICATE_METHOD_MATCH = YES;
				COPY_PHASE_STRIP = NO;
				DEBUG_INFORMATION_FORMAT = dwarf;
				ENABLE_STRICT_OBJC_MSGSEND = YES;
				ENABLE_TESTABILITY = YES;
				GCC_C_LANGUAGE_STANDARD = gnu11;
				GCC_DYNAMIC_NO_PIC = NO;
				GCC_NO_COMMON_BLOCKS = YES;
				GCC_OPTIMIZATION_LEVEL = 0;
				GCC_PREPROCESSOR_DEFINITIONS = (
					"DEBUG=1",
					"$(inherited)",
				);
				GCC_WARN_64_TO_32_BIT_CONVERSION = YES;
				GCC_WARN_ABOUT_RETURN_TYPE = YES_ERROR;
				GCC_WARN_UNDECLARED_SELECTOR = YES;
				GCC_WARN_UNINITIALIZED_AUTOS = YES_AGGRESSIVE;
				GCC_WARN_UNUSED_FUNCTION = YES;
				GCC_WARN_UNUSED_VARIABLE = YES;
				MTL_ENABLE_DEBUG_INFO = INCLUDE_SOURCE;
				MTL_FAST_MATH = YES;
				ONLY_ACTIVE_ARCH = YES;
				SWIFT_ACTIVE_COMPILATION_CONDITIONS = DEBUG;
				SWIFT_OPTIMIZATION_LEVEL = "-Onone";
			};
			name = Debug;
		};
		7F41744926007F9400AD22BD /* Release */ = {
			isa = XCBuildConfiguration;
			buildSettings = {
				ALWAYS_SEARCH_USER_PATHS = NO;
				CLANG_ANALYZER_NONNULL = YES;
				CLANG_ANALYZER_NUMBER_OBJECT_CONVERSION = YES_AGGRESSIVE;
				CLANG_CXX_LANGUAGE_STANDARD = "gnu++14";
				CLANG_CXX_LIBRARY = "libc++";
				CLANG_ENABLE_MODULES = YES;
				CLANG_ENABLE_OBJC_ARC = YES;
				CLANG_ENABLE_OBJC_WEAK = YES;
				CLANG_WARN_BLOCK_CAPTURE_AUTORELEASING = YES;
				CLANG_WARN_BOOL_CONVERSION = YES;
				CLANG_WARN_COMMA = YES;
				CLANG_WARN_CONSTANT_CONVERSION = YES;
				CLANG_WARN_DEPRECATED_OBJC_IMPLEMENTATIONS = YES;
				CLANG_WARN_DIRECT_OBJC_ISA_USAGE = YES_ERROR;
				CLANG_WARN_DOCUMENTATION_COMMENTS = YES;
				CLANG_WARN_EMPTY_BODY = YES;
				CLANG_WARN_ENUM_CONVERSION = YES;
				CLANG_WARN_INFINITE_RECURSION = YES;
				CLANG_WARN_INT_CONVERSION = YES;
				CLANG_WARN_NON_LITERAL_NULL_CONVERSION = YES;
				CLANG_WARN_OBJC_IMPLICIT_RETAIN_SELF = YES;
				CLANG_WARN_OBJC_LITERAL_CONVERSION = YES;
				CLANG_WARN_OBJC_ROOT_CLASS = YES_ERROR;
				CLANG_WARN_QUOTED_INCLUDE_IN_FRAMEWORK_HEADER = YES;
				CLANG_WARN_RANGE_LOOP_ANALYSIS = YES;
				CLANG_WARN_STRICT_PROTOTYPES = YES;
				CLANG_WARN_SUSPICIOUS_MOVE = YES;
				CLANG_WARN_UNGUARDED_AVAILABILITY = YES_AGGRESSIVE;
				CLANG_WARN_UNREACHABLE_CODE = YES;
				CLANG_WARN__DUPLICATE_METHOD_MATCH = YES;
				COPY_PHASE_STRIP = NO;
				DEBUG_INFORMATION_FORMAT = "dwarf-with-dsym";
				ENABLE_NS_ASSERTIONS = NO;
				ENABLE_STRICT_OBJC_MSGSEND = YES;
				GCC_C_LANGUAGE_STANDARD = gnu11;
				GCC_NO_COMMON_BLOCKS = YES;
				GCC_WARN_64_TO_32_BIT_CONVERSION = YES;
				GCC_WARN_ABOUT_RETURN_TYPE = YES_ERROR;
				GCC_WARN_UNDECLARED_SELECTOR = YES;
				GCC_WARN_UNINITIALIZED_AUTOS = YES_AGGRESSIVE;
				GCC_WARN_UNUSED_FUNCTION = YES;
				GCC_WARN_UNUSED_VARIABLE = YES;
				MTL_ENABLE_DEBUG_INFO = NO;
				MTL_FAST_MATH = YES;
				SWIFT_COMPILATION_MODE = wholemodule;
				SWIFT_OPTIMIZATION_LEVEL = "-O";
			};
			name = Release;
		};
		7F41744B26007F9400AD22BD /* Debug */ = {
			isa = XCBuildConfiguration;
			buildSettings = {
				ASSETCATALOG_COMPILER_APPICON_NAME = AppIcon;
				ASSETCATALOG_COMPILER_GLOBAL_ACCENT_COLOR_NAME = AccentColor;
				CODE_SIGN_STYLE = Automatic;
				DEVELOPMENT_TEAM = 63AJC847ZW;
				ENABLE_PREVIEWS = YES;
				INFOPLIST_FILE = iOS/Info.plist;
				IPHONEOS_DEPLOYMENT_TARGET = 14.0;
				LD_RUNPATH_SEARCH_PATHS = (
					"$(inherited)",
					"@executable_path/Frameworks",
				);
				PRODUCT_BUNDLE_IDENTIFIER = mx.landercorp.ContactsDemo;
				PRODUCT_NAME = ContactsDemo;
				SDKROOT = iphoneos;
				SWIFT_VERSION = 5.0;
				TARGETED_DEVICE_FAMILY = "1,2";
			};
			name = Debug;
		};
		7F41744C26007F9400AD22BD /* Release */ = {
			isa = XCBuildConfiguration;
			buildSettings = {
				ASSETCATALOG_COMPILER_APPICON_NAME = AppIcon;
				ASSETCATALOG_COMPILER_GLOBAL_ACCENT_COLOR_NAME = AccentColor;
				CODE_SIGN_STYLE = Automatic;
				DEVELOPMENT_TEAM = 63AJC847ZW;
				ENABLE_PREVIEWS = YES;
				INFOPLIST_FILE = iOS/Info.plist;
				IPHONEOS_DEPLOYMENT_TARGET = 14.0;
				LD_RUNPATH_SEARCH_PATHS = (
					"$(inherited)",
					"@executable_path/Frameworks",
				);
				PRODUCT_BUNDLE_IDENTIFIER = mx.landercorp.ContactsDemo;
				PRODUCT_NAME = ContactsDemo;
				SDKROOT = iphoneos;
				SWIFT_VERSION = 5.0;
				TARGETED_DEVICE_FAMILY = "1,2";
				VALIDATE_PRODUCT = YES;
			};
			name = Release;
		};
		7F41744E26007F9400AD22BD /* Debug */ = {
			isa = XCBuildConfiguration;
			buildSettings = {
				ASSETCATALOG_COMPILER_APPICON_NAME = AppIcon;
				ASSETCATALOG_COMPILER_GLOBAL_ACCENT_COLOR_NAME = AccentColor;
				CODE_SIGN_ENTITLEMENTS = macOS/macOS.entitlements;
				CODE_SIGN_STYLE = Automatic;
				COMBINE_HIDPI_IMAGES = YES;
				DEVELOPMENT_TEAM = 63AJC847ZW;
				ENABLE_HARDENED_RUNTIME = YES;
				ENABLE_PREVIEWS = YES;
				INFOPLIST_FILE = macOS/Info.plist;
				LD_RUNPATH_SEARCH_PATHS = (
					"$(inherited)",
					"@executable_path/../Frameworks",
				);
				MACOSX_DEPLOYMENT_TARGET = 11.0;
				PRODUCT_BUNDLE_IDENTIFIER = mx.landercorp.ContactsDemo;
				PRODUCT_NAME = ContactsDemo;
				SDKROOT = macosx;
				SWIFT_VERSION = 5.0;
			};
			name = Debug;
		};
		7F41744F26007F9400AD22BD /* Release */ = {
			isa = XCBuildConfiguration;
			buildSettings = {
				ASSETCATALOG_COMPILER_APPICON_NAME = AppIcon;
				ASSETCATALOG_COMPILER_GLOBAL_ACCENT_COLOR_NAME = AccentColor;
				CODE_SIGN_ENTITLEMENTS = macOS/macOS.entitlements;
				CODE_SIGN_STYLE = Automatic;
				COMBINE_HIDPI_IMAGES = YES;
				DEVELOPMENT_TEAM = 63AJC847ZW;
				ENABLE_HARDENED_RUNTIME = YES;
				ENABLE_PREVIEWS = YES;
				INFOPLIST_FILE = macOS/Info.plist;
				LD_RUNPATH_SEARCH_PATHS = (
					"$(inherited)",
					"@executable_path/../Frameworks",
				);
				MACOSX_DEPLOYMENT_TARGET = 11.0;
				PRODUCT_BUNDLE_IDENTIFIER = mx.landercorp.ContactsDemo;
				PRODUCT_NAME = ContactsDemo;
				SDKROOT = macosx;
				SWIFT_VERSION = 5.0;
			};
			name = Release;
		};
/* End XCBuildConfiguration section */

/* Begin XCConfigurationList section */
		7F41742D26007F8D00AD22BD /* Build configuration list for PBXProject "ContactsDemo" */ = {
			isa = XCConfigurationList;
			buildConfigurations = (
				7F41744826007F9400AD22BD /* Debug */,
				7F41744926007F9400AD22BD /* Release */,
			);
			defaultConfigurationIsVisible = 0;
			defaultConfigurationName = Release;
		};
		7F41744A26007F9400AD22BD /* Build configuration list for PBXNativeTarget "ContactsDemo (iOS)" */ = {
			isa = XCConfigurationList;
			buildConfigurations = (
				7F41744B26007F9400AD22BD /* Debug */,
				7F41744C26007F9400AD22BD /* Release */,
			);
			defaultConfigurationIsVisible = 0;
			defaultConfigurationName = Release;
		};
		7F41744D26007F9400AD22BD /* Build configuration list for PBXNativeTarget "ContactsDemo (macOS)" */ = {
			isa = XCConfigurationList;
			buildConfigurations = (
				7F41744E26007F9400AD22BD /* Debug */,
				7F41744F26007F9400AD22BD /* Release */,
			);
			defaultConfigurationIsVisible = 0;
			defaultConfigurationName = Release;
		};
/* End XCConfigurationList section */
	};
	rootObject = 7F41742A26007F8D00AD22BD /* Project object */;
}
